
Microsoft Visual Studio Solution File, Format Version 12.00
# Visual Studio Version 16
VisualStudioVersion = 16.0.30320.27
MinimumVisualStudioVersion = 10.0.40219.1
Project("{9A19103F-16F7-4668-BE54-9A1E7A4F7556}") = "HotelBooking.API", "HotelBooking.API\HotelBooking.API.csproj", "{D96E80EE-8063-4687-9B27-D1D337591399}"
EndProject
Project("{9A19103F-16F7-4668-BE54-9A1E7A4F7556}") = "HotelBooking.DAL.Interface", "HotelBooking.DAL.Interface\HotelBooking.DAL.Interface.csproj", "{4C7C9858-8A8C-47CC-B856-413962713DA1}"
EndProject
Project("{9A19103F-16F7-4668-BE54-9A1E7A4F7556}") = "HotelBooking.DAL", "HotelBooking.DAL\HotelBooking.DAL.csproj", "{6A707DF2-130B-4FC4-A83F-C3251838E01E}"
EndProject
Project("{9A19103F-16F7-4668-BE54-9A1E7A4F7556}") = "HotelBooking.BAL.Interface", "HotelBooking.BAL.Interface\HotelBooking.BAL.Interface.csproj", "{982E2736-C268-42B7-A3A0-072FB22479E9}"
EndProject
Project("{9A19103F-16F7-4668-BE54-9A1E7A4F7556}") = "HotelBooking.BAL", "HotelBooking.BAL\HotelBooking.BAL.csproj", "{F690C688-0D4D-45CC-94E9-E62B63312410}"
EndProject
Project("{9A19103F-16F7-4668-BE54-9A1E7A4F7556}") = "HotelBooking.WEB", "HotelBooking.WEB\HotelBooking.WEB.csproj", "{F7B2FCFE-399F-46CE-A243-0643E34B63E9}"
EndProject
Project("{9A19103F-16F7-4668-BE54-9A1E7A4F7556}") = "HotelBooking.Domain", "HotelBooking.Domain\HotelBooking.Domain.csproj", "{644C7963-D0E2-4370-8D80-22AF1C774B37}"
EndProject
Project("{2150E333-8FDC-42A3-9474-1A3956D46DE8}") = "Solution Items", "Solution Items", "{B2B83C3F-5BFB-45F2-A8D7-3CCD7E986BD6}"
	ProjectSection(SolutionItems) = preProject
		.editorconfig = .editorconfig
	EndProjectSection
EndProject
Global
	GlobalSection(SolutionConfigurationPlatforms) = preSolution
		Debug|Any CPU = Debug|Any CPU
		Release|Any CPU = Release|Any CPU
	EndGlobalSection
	GlobalSection(ProjectConfigurationPlatforms) = postSolution
		{D96E80EE-8063-4687-9B27-D1D337591399}.Debug|Any CPU.ActiveCfg = Debug|Any CPU
		{D96E80EE-8063-4687-9B27-D1D337591399}.Debug|Any CPU.Build.0 = Debug|Any CPU
		{D96E80EE-8063-4687-9B27-D1D337591399}.Release|Any CPU.ActiveCfg = Release|Any CPU
		{D96E80EE-8063-4687-9B27-D1D337591399}.Release|Any CPU.Build.0 = Release|Any CPU
		{4C7C9858-8A8C-47CC-B856-413962713DA1}.Debug|Any CPU.ActiveCfg = Debug|Any CPU
		{4C7C9858-8A8C-47CC-B856-413962713DA1}.Debug|Any CPU.Build.0 = Debug|Any CPU
		{4C7C9858-8A8C-47CC-B856-413962713DA1}.Release|Any CPU.ActiveCfg = Release|Any CPU
		{4C7C9858-8A8C-47CC-B856-413962713DA1}.Release|Any CPU.Build.0 = Release|Any CPU
		{6A707DF2-130B-4FC4-A83F-C3251838E01E}.Debug|Any CPU.ActiveCfg = Debug|Any CPU
		{6A707DF2-130B-4FC4-A83F-C3251838E01E}.Debug|Any CPU.Build.0 = Debug|Any CPU
		{6A707DF2-130B-4FC4-A83F-C3251838E01E}.Release|Any CPU.ActiveCfg = Release|Any CPU
		{6A707DF2-130B-4FC4-A83F-C3251838E01E}.Release|Any CPU.Build.0 = Release|Any CPU
		{982E2736-C268-42B7-A3A0-072FB22479E9}.Debug|Any CPU.ActiveCfg = Debug|Any CPU
		{982E2736-C268-42B7-A3A0-072FB22479E9}.Debug|Any CPU.Build.0 = Debug|Any CPU
		{982E2736-C268-42B7-A3A0-072FB22479E9}.Release|Any CPU.ActiveCfg = Release|Any CPU
		{982E2736-C268-42B7-A3A0-072FB22479E9}.Release|Any CPU.Build.0 = Release|Any CPU
		{F690C688-0D4D-45CC-94E9-E62B63312410}.Debug|Any CPU.ActiveCfg = Debug|Any CPU
		{F690C688-0D4D-45CC-94E9-E62B63312410}.Debug|Any CPU.Build.0 = Debug|Any CPU
		{F690C688-0D4D-45CC-94E9-E62B63312410}.Release|Any CPU.ActiveCfg = Release|Any CPU
		{F690C688-0D4D-45CC-94E9-E62B63312410}.Release|Any CPU.Build.0 = Release|Any CPU
		{F7B2FCFE-399F-46CE-A243-0643E34B63E9}.Debug|Any CPU.ActiveCfg = Debug|Any CPU
		{F7B2FCFE-399F-46CE-A243-0643E34B63E9}.Debug|Any CPU.Build.0 = Debug|Any CPU
		{F7B2FCFE-399F-46CE-A243-0643E34B63E9}.Release|Any CPU.ActiveCfg = Release|Any CPU
		{F7B2FCFE-399F-46CE-A243-0643E34B63E9}.Release|Any CPU.Build.0 = Release|Any CPU
		{644C7963-D0E2-4370-8D80-22AF1C774B37}.Debug|Any CPU.ActiveCfg = Debug|Any CPU
		{644C7963-D0E2-4370-8D80-22AF1C774B37}.Debug|Any CPU.Build.0 = Debug|Any CPU
		{644C7963-D0E2-4370-8D80-22AF1C774B37}.Release|Any CPU.ActiveCfg = Release|Any CPU
		{644C7963-D0E2-4370-8D80-22AF1C774B37}.Release|Any CPU.Build.0 = Release|Any CPU
	EndGlobalSection
	GlobalSection(SolutionProperties) = preSolution
		HideSolutionNode = FALSE
	EndGlobalSection
	GlobalSection(ExtensibilityGlobals) = postSolution
		SolutionGuid = {215758AB-50D9-4D30-A7AD-BCEC62E8567E}
	EndGlobalSection
EndGlobal
